# THIS IS AN AUTOGENERATED FILE. DO NOT EDIT THIS FILE DIRECTLY.
# yarn lockfile v1


"@bjorn3/browser_wasi_shim@^0.4.2":
  version "0.4.2"
  resolved "https://registry.yarnpkg.com/@bjorn3/browser_wasi_shim/-/browser_wasi_shim-0.4.2.tgz#7419f414ec01521653f1863b737d1f03e3e94725"
  integrity sha512-/iHkCVUG3VbcbmEHn5iIUpIrh7a7WPiwZ3sHy4HZKZzBdSadwdddYDZAII2zBvQYV0Lfi8naZngPCN7WPHI/hA==
